
Microsoft Visual Studio Solution File, Format Version 12.00
# Visual Studio Version 16
VisualStudioVersion = 16.0.30907.101
MinimumVisualStudioVersion = 10.0.40219.1
Project("{FAE04EC0-301F-11D3-BF4B-00C04F79EFBC}") = "MyDemoApp", "MyDemoApp\MyDemoApp.csproj", "{E7A1C5FB-FE5A-438F-BC5A-504DD36D2B48}"
EndProject
Global
	GlobalSection(SolutionConfigurationPlatforms) = preSolution
		Debug|Any CPU = Debug|Any CPU
		Release|Any CPU = Release|Any CPU
	EndGlobalSection
	GlobalSection(ProjectConfigurationPlatforms) = postSolution
		{E7A1C5FB-FE5A-438F-BC5A-504DD36D2B48}.Debug|Any CPU.ActiveCfg = Debug|Any CPU
		{E7A1C5FB-FE5A-438F-BC5A-504DD36D2B48}.Debug|Any CPU.Build.0 = Debug|Any CPU
		{E7A1C5FB-FE5A-438F-BC5A-504DD36D2B48}.Release|Any CPU.ActiveCfg = Release|Any CPU
		{E7A1C5FB-FE5A-438F-BC5A-504DD36D2B48}.Release|Any CPU.Build.0 = Release|Any CPU
	EndGlobalSection
	GlobalSection(SolutionProperties) = preSolution
		HideSolutionNode = FALSE
	EndGlobalSection
	GlobalSection(ExtensibilityGlobals) = postSolution
		SolutionGuid = {191C17BF-E5F1-45CA-AAEA-63BC10F017AF}
	EndGlobalSection
EndGlobal
